// !$*UTF8*$!
{
	archiveVersion = 1;
	classes = {
	};
	objectVersion = 46;
	objects = {

/* Begin PBXBuildFile section */
		33BD8FBF1C801A3C0072E45A /* main.m in Sources */ = {isa = PBXBuildFile; fileRef = 33BD8FBE1C801A3C0072E45A /* main.m */; };
		33BD8FC21C801A3C0072E45A /* AppDelegate.m in Sources */ = {isa = PBXBuildFile; fileRef = 33BD8FC11C801A3C0072E45A /* AppDelegate.m */; };
		33BD8FC81C801A3C0072E45A /* Main.storyboard in Resources */ = {isa = PBXBuildFile; fileRef = 33BD8FC61C801A3C0072E45A /* Main.storyboard */; };
		33BD8FCA1C801A3C0072E45A /* Assets.xcassets in Resources */ = {isa = PBXBuildFile; fileRef = 33BD8FC91C801A3C0072E45A /* Assets.xcassets */; };
		33BD8FCD1C801A3C0072E45A /* LaunchScreen.storyboard in Resources */ = {isa = PBXBuildFile; fileRef = 33BD8FCB1C801A3C0072E45A /* LaunchScreen.storyboard */; };
		33BD8FD81C801A3C0072E45A /* KeyBoardHandlerTests.m in Sources */ = {isa = PBXBuildFile; fileRef = 33BD8FD71C801A3C0072E45A /* KeyBoardHandlerTests.m */; };
		33BD8FE31C801A3C0072E45A /* KeyBoardHandlerUITests.m in Sources */ = {isa = PBXBuildFile; fileRef = 33BD8FE21C801A3C0072E45A /* KeyBoardHandlerUITests.m */; };
		33BD8FFA1C802EFD0072E45A /* QBBaseViewController.m in Sources */ = {isa = PBXBuildFile; fileRef = 33BD8FF81C802EFD0072E45A /* QBBaseViewController.m */; settings = {ASSET_TAGS = (); }; };
		33BD8FFF1C802F490072E45A /* ViewController2.m in Sources */ = {isa = PBXBuildFile; fileRef = 33BD8FFB1C802F490072E45A /* ViewController2.m */; settings = {ASSET_TAGS = (); }; };
		33BD90001C802F490072E45A /* ViewController.m in Sources */ = {isa = PBXBuildFile; fileRef = 33BD8FFD1C802F490072E45A /* ViewController.m */; settings = {ASSET_TAGS = (); }; };
/* End PBXBuildFile section */

/* Begin PBXContainerItemProxy section */
		33BD8FD41C801A3C0072E45A /* PBXContainerItemProxy */ = {
			isa = PBXContainerItemProxy;
			containerPortal = 33BD8FB21C801A3C0072E45A /* Project object */;
			proxyType = 1;
			remoteGlobalIDString = 33BD8FB91C801A3C0072E45A;
			remoteInfo = KeyBoardHandler;
		};
		33BD8FDF1C801A3C0072E45A /* PBXContainerItemProxy */ = {
			isa = PBXContainerItemProxy;
			containerPortal = 33BD8FB21C801A3C0072E45A /* Project object */;
			proxyType = 1;
			remoteGlobalIDString = 33BD8FB91C801A3C0072E45A;
			remoteInfo = KeyBoardHandler;
		};
/* End PBXContainerItemProxy section */

/* Begin PBXFileReference section */
		33BD8FBA1C801A3C0072E45A /* KeyBoardHandler.app */ = {isa = PBXFileReference; explicitFileType = wrapper.application; includeInIndex = 0; path = KeyBoardHandler.app; sourceTree = BUILT_PRODUCTS_DIR; };
		33BD8FBE1C801A3C0072E45A /* main.m */ = {isa = PBXFileReference; lastKnownFileType = sourcecode.c.objc; path = main.m; sourceTree = "<group>"; };
		33BD8FC01C801A3C0072E45A /* AppDelegate.h */ = {isa = PBXFileReference; lastKnownFileType = sourcecode.c.h; path = AppDelegate.h; sourceTree = "<group>"; };
		33BD8FC11C801A3C0072E45A /* AppDelegate.m */ = {isa = PBXFileReference; lastKnownFileType = sourcecode.c.objc; path = AppDelegate.m; sourceTree = "<group>"; };
		33BD8FC71C801A3C0072E45A /* Base */ = {isa = PBXFileReference; lastKnownFileType = file.storyboard; name = Base; path = Base.lproj/Main.storyboard; sourceTree = "<group>"; };
		33BD8FC91C801A3C0072E45A /* Assets.xcassets */ = {isa = PBXFileReference; lastKnownFileType = folder.assetcatalog; path = Assets.xcassets; sourceTree = "<group>"; };
		33BD8FCC1C801A3C0072E45A /* Base */ = {isa = PBXFileReference; lastKnownFileType = file.storyboard; name = Base; path = Base.lproj/LaunchScreen.storyboard; sourceTree = "<group>"; };
		33BD8FCE1C801A3C0072E45A /* Info.plist */ = {isa = PBXFileReference; lastKnownFileType = text.plist.xml; path = Info.plist; sourceTree = "<group>"; };
		33BD8FD31C801A3C0072E45A /* KeyBoardHandlerTests.xctest */ = {isa = PBXFileReference; explicitFileType = wrapper.cfbundle; includeInIndex = 0; path = KeyBoardHandlerTests.xctest; sourceTree = BUILT_PRODUCTS_DIR; };
		33BD8FD71C801A3C0072E45A /* KeyBoardHandlerTests.m */ = {isa = PBXFileReference; lastKnownFileType = sourcecode.c.objc; path = KeyBoardHandlerTests.m; sourceTree = "<group>"; };
		33BD8FD91C801A3C0072E45A /* Info.plist */ = {isa = PBXFileReference; lastKnownFileType = text.plist.xml; path = Info.plist; sourceTree = "<group>"; };
		33BD8FDE1C801A3C0072E45A /* KeyBoardHandlerUITests.xctest */ = {isa = PBXFileReference; explicitFileType = wrapper.cfbundle; includeInIndex = 0; path = KeyBoardHandlerUITests.xctest; sourceTree = BUILT_PRODUCTS_DIR; };
		33BD8FE21C801A3C0072E45A /* KeyBoardHandlerUITests.m */ = {isa = PBXFileReference; lastKnownFileType = sourcecode.c.objc; path = KeyBoardHandlerUITests.m; sourceTree = "<group>"; };
		33BD8FE41C801A3C0072E45A /* Info.plist */ = {isa = PBXFileReference; lastKnownFileType = text.plist.xml; path = Info.plist; sourceTree = "<group>"; };
		33BD8FF81C802EFD0072E45A /* QBBaseViewController.m */ = {isa = PBXFileReference; fileEncoding = 4; lastKnownFileType = sourcecode.c.objc; name = QBBaseViewController.m; path = ViewControllers/BaseViewController/QBBaseViewController.m; sourceTree = "<group>"; };
		33BD8FF91C802EFD0072E45A /* QBBaseViewController.h */ = {isa = PBXFileReference; fileEncoding = 4; lastKnownFileType = sourcecode.c.h; name = QBBaseViewController.h; path = ViewControllers/BaseViewController/QBBaseViewController.h; sourceTree = "<group>"; };
		33BD8FFB1C802F490072E45A /* ViewController2.m */ = {isa = PBXFileReference; fileEncoding = 4; lastKnownFileType = sourcecode.c.objc; name = ViewController2.m; path = ViewControllers/ViewController2.m; sourceTree = "<group>"; };
		33BD8FFC1C802F490072E45A /* ViewController2.h */ = {isa = PBXFileReference; fileEncoding = 4; lastKnownFileType = sourcecode.c.h; name = ViewController2.h; path = ViewControllers/ViewController2.h; sourceTree = "<group>"; };
		33BD8FFD1C802F490072E45A /* ViewController.m */ = {isa = PBXFileReference; fileEncoding = 4; lastKnownFileType = sourcecode.c.objc; name = ViewController.m; path = ViewControllers/ViewController.m; sourceTree = "<group>"; };
		33BD8FFE1C802F490072E45A /* ViewController.h */ = {isa = PBXFileReference; fileEncoding = 4; lastKnownFileType = sourcecode.c.h; name = ViewController.h; path = ViewControllers/ViewController.h; sourceTree = "<group>"; };
/* End PBXFileReference section */

/* Begin PBXFrameworksBuildPhase section */
		33BD8FB71C801A3C0072E45A /* Frameworks */ = {
			isa = PBXFrameworksBuildPhase;
			buildActionMask = 2147483647;
			files = (
			);
			runOnlyForDeploymentPostprocessing = 0;
		};
		33BD8FD01C801A3C0072E45A /* Frameworks */ = {
			isa = PBXFrameworksBuildPhase;
			buildActionMask = 2147483647;
			files = (
			);
			runOnlyForDeploymentPostprocessing = 0;
		};
		33BD8FDB1C801A3C0072E45A /* Frameworks */ = {
			isa = PBXFrameworksBuildPhase;
			buildActionMask = 2147483647;
			files = (
			);
			runOnlyForDeploymentPostprocessing = 0;
		};
/* End PBXFrameworksBuildPhase section */

/* Begin PBXGroup section */
		33BD8FB11C801A3C0072E45A = {
			isa = PBXGroup;
			children = (
				33BD8FBC1C801A3C0072E45A /* KeyBoardHandler */,
				33BD8FD61C801A3C0072E45A /* KeyBoardHandlerTests */,
				33BD8FE11C801A3C0072E45A /* KeyBoardHandlerUITests */,
				33BD8FBB1C801A3C0072E45A /* Products */,
			);
			sourceTree = "<group>";
		};
		33BD8FBB1C801A3C0072E45A /* Products */ = {
			isa = PBXGroup;
			children = (
				33BD8FBA1C801A3C0072E45A /* KeyBoardHandler.app */,
				33BD8FD31C801A3C0072E45A /* KeyBoardHandlerTests.xctest */,
				33BD8FDE1C801A3C0072E45A /* KeyBoardHandlerUITests.xctest */,
			);
			name = Products;
			sourceTree = "<group>";
		};
		33BD8FBC1C801A3C0072E45A /* KeyBoardHandler */ = {
			isa = PBXGroup;
			children = (
				33BD8FF01C801B990072E45A /* ViewControllers */,
				33BD8FC01C801A3C0072E45A /* AppDelegate.h */,
				33BD8FC11C801A3C0072E45A /* AppDelegate.m */,
				33BD8FC61C801A3C0072E45A /* Main.storyboard */,
				33BD8FC91C801A3C0072E45A /* Assets.xcassets */,
				33BD8FCB1C801A3C0072E45A /* LaunchScreen.storyboard */,
				33BD8FCE1C801A3C0072E45A /* Info.plist */,
				33BD8FBD1C801A3C0072E45A /* Supporting Files */,
			);
			path = KeyBoardHandler;
			sourceTree = "<group>";
		};
		33BD8FBD1C801A3C0072E45A /* Supporting Files */ = {
			isa = PBXGroup;
			children = (
				33BD8FBE1C801A3C0072E45A /* main.m */,
			);
			name = "Supporting Files";
			sourceTree = "<group>";
		};
		33BD8FD61C801A3C0072E45A /* KeyBoardHandlerTests */ = {
			isa = PBXGroup;
			children = (
				33BD8FD71C801A3C0072E45A /* KeyBoardHandlerTests.m */,
				33BD8FD91C801A3C0072E45A /* Info.plist */,
			);
			path = KeyBoardHandlerTests;
			sourceTree = "<group>";
		};
		33BD8FE11C801A3C0072E45A /* KeyBoardHandlerUITests */ = {
			isa = PBXGroup;
			children = (
				33BD8FE21C801A3C0072E45A /* KeyBoardHandlerUITests.m */,
				33BD8FE41C801A3C0072E45A /* Info.plist */,
			);
			path = KeyBoardHandlerUITests;
			sourceTree = "<group>";
		};
		33BD8FF01C801B990072E45A /* ViewControllers */ = {
			isa = PBXGroup;
			children = (
				33BD8FFB1C802F490072E45A /* ViewController2.m */,
				33BD8FFC1C802F490072E45A /* ViewController2.h */,
				33BD8FFD1C802F490072E45A /* ViewController.m */,
				33BD8FFE1C802F490072E45A /* ViewController.h */,
				33BD8FF71C802EC30072E45A /* BaseViewController */,
			);
			name = ViewControllers;
			sourceTree = "<group>";
		};
		33BD8FF71C802EC30072E45A /* BaseViewController */ = {
			isa = PBXGroup;
			children = (
				33BD8FF81C802EFD0072E45A /* QBBaseViewController.m */,
				33BD8FF91C802EFD0072E45A /* QBBaseViewController.h */,
			);
			name = BaseViewController;
			sourceTree = "<group>";
		};
/* End PBXGroup section */

/* Begin PBXNativeTarget section */
		33BD8FB91C801A3C0072E45A /* KeyBoardHandler */ = {
			isa = PBXNativeTarget;
			buildConfigurationList = 33BD8FE71C801A3C0072E45A /* Build configuration list for PBXNativeTarget "KeyBoardHandler" */;
			buildPhases = (
				33BD8FB61C801A3C0072E45A /* Sources */,
				33BD8FB71C801A3C0072E45A /* Frameworks */,
				33BD8FB81C801A3C0072E45A /* Resources */,
			);
			buildRules = (
			);
			dependencies = (
			);
			name = KeyBoardHandler;
			productName = KeyBoardHandler;
			productReference = 33BD8FBA1C801A3C0072E45A /* KeyBoardHandler.app */;
			productType = "com.apple.product-type.application";
		};
		33BD8FD21C801A3C0072E45A /* KeyBoardHandlerTests */ = {
			isa = PBXNativeTarget;
			buildConfigurationList = 33BD8FEA1C801A3C0072E45A /* Build configuration list for PBXNativeTarget "KeyBoardHandlerTests" */;
			buildPhases = (
				33BD8FCF1C801A3C0072E45A /* Sources */,
				33BD8FD01C801A3C0072E45A /* Frameworks */,
				33BD8FD11C801A3C0072E45A /* Resources */,
			);
			buildRules = (
			);
			dependencies = (
				33BD8FD51C801A3C0072E45A /* PBXTargetDependency */,
			);
			name = KeyBoardHandlerTests;
			productName = KeyBoardHandlerTests;
			productReference = 33BD8FD31C801A3C0072E45A /* KeyBoardHandlerTests.xctest */;
			productType = "com.apple.product-type.bundle.unit-test";
		};
		33BD8FDD1C801A3C0072E45A /* KeyBoardHandlerUITests */ = {
			isa = PBXNativeTarget;
			buildConfigurationList = 33BD8FED1C801A3C0072E45A /* Build configuration list for PBXNativeTarget "KeyBoardHandlerUITests" */;
			buildPhases = (
				33BD8FDA1C801A3C0072E45A /* Sources */,
				33BD8FDB1C801A3C0072E45A /* Frameworks */,
				33BD8FDC1C801A3C0072E45A /* Resources */,
			);
			buildRules = (
			);
			dependencies = (
				33BD8FE01C801A3C0072E45A /* PBXTargetDependency */,
			);
			name = KeyBoardHandlerUITests;
			productName = KeyBoardHandlerUITests;
			productReference = 33BD8FDE1C801A3C0072E45A /* KeyBoardHandlerUITests.xctest */;
			productType = "com.apple.product-type.bundle.ui-testing";
		};
/* End PBXNativeTarget section */

/* Begin PBXProject section */
		33BD8FB21C801A3C0072E45A /* Project object */ = {
			isa = PBXProject;
			attributes = {
				LastUpgradeCheck = 0700;
				ORGANIZATIONNAME = Sample;
				TargetAttributes = {
					33BD8FB91C801A3C0072E45A = {
						CreatedOnToolsVersion = 7.0;
					};
					33BD8FD21C801A3C0072E45A = {
						CreatedOnToolsVersion = 7.0;
						TestTargetID = 33BD8FB91C801A3C0072E45A;
					};
					33BD8FDD1C801A3C0072E45A = {
						CreatedOnToolsVersion = 7.0;
						TestTargetID = 33BD8FB91C801A3C0072E45A;
					};
				};
			};
			buildConfigurationList = 33BD8FB51C801A3C0072E45A /* Build configuration list for PBXProject "KeyBoardHandler" */;
			compatibilityVersion = "Xcode 3.2";
			developmentRegion = English;
			hasScannedForEncodings = 0;
			knownRegions = (
				en,
				Base,
			);
			mainGroup = 33BD8FB11C801A3C0072E45A;
			productRefGroup = 33BD8FBB1C801A3C0072E45A /* Products */;
			projectDirPath = "";
			projectRoot = "";
			targets = (
				33BD8FB91C801A3C0072E45A /* KeyBoardHandler */,
				33BD8FD21C801A3C0072E45A /* KeyBoardHandlerTests */,
				33BD8FDD1C801A3C0072E45A /* KeyBoardHandlerUITests */,
			);
		};
/* End PBXProject section */

/* Begin PBXResourcesBuildPhase section */
		33BD8FB81C801A3C0072E45A /* Resources */ = {
			isa = PBXResourcesBuildPhase;
			buildActionMask = 2147483647;
			files = (
				33BD8FCD1C801A3C0072E45A /* LaunchScreen.storyboard in Resources */,
				33BD8FCA1C801A3C0072E45A /* Assets.xcassets in Resources */,
				33BD8FC81C801A3C0072E45A /* Main.storyboard in Resources */,
			);
			runOnlyForDeploymentPostprocessing = 0;
		};
		33BD8FD11C801A3C0072E45A /* Resources */ = {
			isa = PBXResourcesBuildPhase;
			buildActionMask = 2147483647;
			files = (
			);
			runOnlyForDeploymentPostprocessing = 0;
		};
		33BD8FDC1C801A3C0072E45A /* Resources */ = {
			isa = PBXResourcesBuildPhase;
			buildActionMask = 2147483647;
			files = (
			);
			runOnlyForDeploymentPostprocessing = 0;
		};
/* End PBXResourcesBuildPhase section */

/* Begin PBXSourcesBuildPhase section */
		33BD8FB61C801A3C0072E45A /* Sources */ = {
			isa = PBXSourcesBuildPhase;
			buildActionMask = 2147483647;
			files = (
				33BD8FC21C801A3C0072E45A /* AppDelegate.m in Sources */,
				33BD8FFF1C802F490072E45A /* ViewController2.m in Sources */,
				33BD8FFA1C802EFD0072E45A /* QBBaseViewController.m in Sources */,
				33BD8FBF1C801A3C0072E45A /* main.m in Sources */,
				33BD90001C802F490072E45A /* ViewController.m in Sources */,
			);
			runOnlyForDeploymentPostprocessing = 0;
		};
		33BD8FCF1C801A3C0072E45A /* Sources */ = {
			isa = PBXSourcesBuildPhase;
			buildActionMask = 2147483647;
			files = (
				33BD8FD81C801A3C0072E45A /* KeyBoardHandlerTests.m in Sources */,
			);
			runOnlyForDeploymentPostprocessing = 0;
		};
		33BD8FDA1C801A3C0072E45A /* Sources */ = {
			isa = PBXSourcesBuildPhase;
			buildActionMask = 2147483647;
			files = (
				33BD8FE31C801A3C0072E45A /* KeyBoardHandlerUITests.m in Sources */,
			);
			runOnlyForDeploymentPostprocessing = 0;
		};
/* End PBXSourcesBuildPhase section */

/* Begin PBXTargetDependency section */
		33BD8FD51C801A3C0072E45A /* PBXTargetDependency */ = {
			isa = PBXTargetDependency;
			target = 33BD8FB91C801A3C0072E45A /* KeyBoardHandler */;
			targetProxy = 33BD8FD41C801A3C0072E45A /* PBXContainerItemProxy */;
		};
		33BD8FE01C801A3C0072E45A /* PBXTargetDependency */ = {
			isa = PBXTargetDependency;
			target = 33BD8FB91C801A3C0072E45A /* KeyBoardHandler */;
			targetProxy = 33BD8FDF1C801A3C0072E45A /* PBXContainerItemProxy */;
		};
/* End PBXTargetDependency section */

/* Begin PBXVariantGroup section */
		33BD8FC61C801A3C0072E45A /* Main.storyboard */ = {
			isa = PBXVariantGroup;
			children = (
				33BD8FC71C801A3C0072E45A /* Base */,
			);
			name = Main.storyboard;
			sourceTree = "<group>";
		};
		33BD8FCB1C801A3C0072E45A /* LaunchScreen.storyboard */ = {
			isa = PBXVariantGroup;
			children = (
				33BD8FCC1C801A3C0072E45A /* Base */,
			);
			name = LaunchScreen.storyboard;
			sourceTree = "<group>";
		};
/* End PBXVariantGroup section */

/* Begin XCBuildConfiguration section */
		33BD8FE51C801A3C0072E45A /* Debug */ = {
			isa = XCBuildConfiguration;
			buildSettings = {
				ALWAYS_SEARCH_USER_PATHS = NO;
				CLANG_CXX_LANGUAGE_STANDARD = "gnu++0x";
				CLANG_CXX_LIBRARY = "libc++";
				CLANG_ENABLE_MODULES = YES;
				CLANG_ENABLE_OBJC_ARC = YES;
				CLANG_WARN_BOOL_CONVERSION = YES;
				CLANG_WARN_CONSTANT_CONVERSION = YES;
				CLANG_WARN_DIRECT_OBJC_ISA_USAGE = YES_ERROR;
				CLANG_WARN_EMPTY_BODY = YES;
				CLANG_WARN_ENUM_CONVERSION = YES;
				CLANG_WARN_INT_CONVERSION = YES;
				CLANG_WARN_OBJC_ROOT_CLASS = YES_ERROR;
				CLANG_WARN_UNREACHABLE_CODE = YES;
				CLANG_WARN__DUPLICATE_METHOD_MATCH = YES;
				"CODE_SIGN_IDENTITY[sdk=iphoneos*]" = "iPhone Developer";
				COPY_PHASE_STRIP = NO;
				DEBUG_INFORMATION_FORMAT = dwarf;
				ENABLE_STRICT_OBJC_MSGSEND = YES;
				ENABLE_TESTABILITY = YES;
				GCC_C_LANGUAGE_STANDARD = gnu99;
				GCC_DYNAMIC_NO_PIC = NO;
				GCC_NO_COMMON_BLOCKS = YES;
				GCC_OPTIMIZATION_LEVEL = 0;
				GCC_PREPROCESSOR_DEFINITIONS = (
					"DEBUG=1",
					"$(inherited)",
				);
				GCC_WARN_64_TO_32_BIT_CONVERSION = YES;
				GCC_WARN_ABOUT_RETURN_TYPE = YES_ERROR;
				GCC_WARN_UNDECLARED_SELECTOR = YES;
				GCC_WARN_UNINITIALIZED_AUTOS = YES_AGGRESSIVE;
				GCC_WARN_UNUSED_FUNCTION = YES;
				GCC_WARN_UNUSED_VARIABLE = YES;
				IPHONEOS_DEPLOYMENT_TARGET = 9.0;
				MTL_ENABLE_DEBUG_INFO = YES;
				ONLY_ACTIVE_ARCH = YES;
				SDKROOT = iphoneos;
			};
			name = Debug;
		};
		33BD8FE61C801A3C0072E45A /* Release */ = {
			isa = XCBuildConfiguration;
			buildSettings = {
				ALWAYS_SEARCH_USER_PATHS = NO;
				CLANG_CXX_LANGUAGE_STANDARD = "gnu++0x";
				CLANG_CXX_LIBRARY = "libc++";
				CLANG_ENABLE_MODULES = YES;
				CLANG_ENABLE_OBJC_ARC = YES;
				CLANG_WARN_BOOL_CONVERSION = YES;
				CLANG_WARN_CONSTANT_CONVERSION = YES;
				CLANG_WARN_DIRECT_OBJC_ISA_USAGE = YES_ERROR;
				CLANG_WARN_EMPTY_BODY = YES;
				CLANG_WARN_ENUM_CONVERSION = YES;
				CLANG_WARN_INT_CONVERSION = YES;
				CLANG_WARN_OBJC_ROOT_CLASS = YES_ERROR;
				CLANG_WARN_UNREACHABLE_CODE = YES;
				CLANG_WARN__DUPLICATE_METHOD_MATCH = YES;
				"CODE_SIGN_IDENTITY[sdk=iphoneos*]" = "iPhone Developer";
				COPY_PHASE_STRIP = NO;
				DEBUG_INFORMATION_FORMAT = "dwarf-with-dsym";
				ENABLE_NS_ASSERTIONS = NO;
				ENABLE_STRICT_OBJC_MSGSEND = YES;
				GCC_C_LANGUAGE_STANDARD = gnu99;
				GCC_NO_COMMON_BLOCKS = YES;
				GCC_WARN_64_TO_32_BIT_CONVERSION = YES;
				GCC_WARN_ABOUT_RETURN_TYPE = YES_ERROR;
				GCC_WARN_UNDECLARED_SELECTOR = YES;
				GCC_WARN_UNINITIALIZED_AUTOS = YES_AGGRESSIVE;
				GCC_WARN_UNUSED_FUNCTION = YES;
				GCC_WARN_UNUSED_VARIABLE = YES;
				IPHONEOS_DEPLOYMENT_TARGET = 9.0;
				MTL_ENABLE_DEBUG_INFO = NO;
				SDKROOT = iphoneos;
				VALIDATE_PRODUCT = YES;
			};
			name = Release;
		};
		33BD8FE81C801A3C0072E45A /* Debug */ = {
			isa = XCBuildConfiguration;
			buildSettings = {
				ASSETCATALOG_COMPILER_APPICON_NAME = AppIcon;
				INFOPLIST_FILE = KeyBoardHandler/Info.plist;
				LD_RUNPATH_SEARCH_PATHS = "$(inherited) @executable_path/Frameworks";
				PRODUCT_BUNDLE_IDENTIFIER = com.qburst2.KeyBoardHandler;
				PRODUCT_NAME = "$(TARGET_NAME)";
			};
			name = Debug;
		};
		33BD8FE91C801A3C0072E45A /* Release */ = {
			isa = XCBuildConfiguration;
			buildSettings = {
				ASSETCATALOG_COMPILER_APPICON_NAME = AppIcon;
				INFOPLIST_FILE = KeyBoardHandler/Info.plist;
				LD_RUNPATH_SEARCH_PATHS = "$(inherited) @executable_path/Frameworks";
				PRODUCT_BUNDLE_IDENTIFIER = com.qburst2.KeyBoardHandler;
				PRODUCT_NAME = "$(TARGET_NAME)";
			};
			name = Release;
		};
		33BD8FEB1C801A3C0072E45A /* Debug */ = {
			isa = XCBuildConfiguration;
			buildSettings = {
				BUNDLE_LOADER = "$(TEST_HOST)";
				INFOPLIST_FILE = KeyBoardHandlerTests/Info.plist;
				LD_RUNPATH_SEARCH_PATHS = "$(inherited) @executable_path/Frameworks @loader_path/Frameworks";
				PRODUCT_BUNDLE_IDENTIFIER = com.qburst2.KeyBoardHandlerTests;
				PRODUCT_NAME = "$(TARGET_NAME)";
				TEST_HOST = "$(BUILT_PRODUCTS_DIR)/KeyBoardHandler.app/KeyBoardHandler";
			};
			name = Debug;
		};
		33BD8FEC1C801A3C0072E45A /* Release */ = {
			isa = XCBuildConfiguration;
			buildSettings = {
				BUNDLE_LOADER = "$(TEST_HOST)";
				INFOPLIST_FILE = KeyBoardHandlerTests/Info.plist;
				LD_RUNPATH_SEARCH_PATHS = "$(inherited) @executable_path/Frameworks @loader_path/Frameworks";
				PRODUCT_BUNDLE_IDENTIFIER = com.qburst2.KeyBoardHandlerTests;
				PRODUCT_NAME = "$(TARGET_NAME)";
				TEST_HOST = "$(BUILT_PRODUCTS_DIR)/KeyBoardHandler.app/KeyBoardHandler";
			};
			name = Release;
		};
		33BD8FEE1C801A3C0072E45A /* Debug */ = {
			isa = XCBuildConfiguration;
			buildSettings = {
				INFOPLIST_FILE = KeyBoardHandlerUITests/Info.plist;
				LD_RUNPATH_SEARCH_PATHS = "$(inherited) @executable_path/Frameworks @loader_path/Frameworks";
				PRODUCT_BUNDLE_IDENTIFIER = com.qburst2.KeyBoardHandlerUITests;
				PRODUCT_NAME = "$(TARGET_NAME)";
				TEST_TARGET_NAME = KeyBoardHandler;
				USES_XCTRUNNER = YES;
			};
			name = Debug;
		};
		33BD8FEF1C801A3C0072E45A /* Release */ = {
			isa = XCBuildConfiguration;
			buildSettings = {
				INFOPLIST_FILE = KeyBoardHandlerUITests/Info.plist;
				LD_RUNPATH_SEARCH_PATHS = "$(inherited) @executable_path/Frameworks @loader_path/Frameworks";
				PRODUCT_BUNDLE_IDENTIFIER = com.qburst2.KeyBoardHandlerUITests;
				PRODUCT_NAME = "$(TARGET_NAME)";
				TEST_TARGET_NAME = KeyBoardHandler;
				USES_XCTRUNNER = YES;
			};
			name = Release;
		};
/* End XCBuildConfiguration section */

/* Begin XCConfigurationList section */
		33BD8FB51C801A3C0072E45A /* Build configuration list for PBXProject "KeyBoardHandler" */ = {
			isa = XCConfigurationList;
			buildConfigurations = (
				33BD8FE51C801A3C0072E45A /* Debug */,
				33BD8FE61C801A3C0072E45A /* Release */,
			);
			defaultConfigurationIsVisible = 0;
			defaultConfigurationName = Release;
		};
		33BD8FE71C801A3C0072E45A /* Build configuration list for PBXNativeTarget "KeyBoardHandler" */ = {
			isa = XCConfigurationList;
			buildConfigurations = (
				33BD8FE81C801A3C0072E45A /* Debug */,
				33BD8FE91C801A3C0072E45A /* Release */,
			);
			defaultConfigurationIsVisible = 0;
		};
		33BD8FEA1C801A3C0072E45A /* Build configuration list for PBXNativeTarget "KeyBoardHandlerTests" */ = {
			isa = XCConfigurationList;
			buildConfigurations = (
				33BD8FEB1C801A3C0072E45A /* Debug */,
				33BD8FEC1C801A3C0072E45A /* Release */,
			);
			defaultConfigurationIsVisible = 0;
		};
		33BD8FED1C801A3C0072E45A /* Build configuration list for PBXNativeTarget "KeyBoardHandlerUITests" */ = {
			isa = XCConfigurationList;
			buildConfigurations = (
				33BD8FEE1C801A3C0072E45A /* Debug */,
				33BD8FEF1C801A3C0072E45A /* Release */,
			);
			defaultConfigurationIsVisible = 0;
		};
/* End XCConfigurationList section */
	};
	rootObject = 33BD8FB21C801A3C0072E45A /* Project object */;
}
